
Microsoft Visual Studio Solution File, Format Version 12.00
# Visual Studio Version 17
VisualStudioVersion = 17.10.34928.147
MinimumVisualStudioVersion = 10.0.40219.1
Project("{FAE04EC0-301F-11D3-BF4B-00C04F79EFBC}") = "mvvmRepositoryPattern", "mvvmRepositoryPattern\mvvmRepositoryPattern.csproj", "{6CD9F8D8-4EC0-4036-BEB4-286F832B94E8}"
EndProject
Global
	GlobalSection(SolutionConfigurationPlatforms) = preSolution
		Debug|Any CPU = Debug|Any CPU
		Release|Any CPU = Release|Any CPU
	EndGlobalSection
	GlobalSection(ProjectConfigurationPlatforms) = postSolution
		{6CD9F8D8-4EC0-4036-BEB4-286F832B94E8}.Debug|Any CPU.ActiveCfg = Debug|Any CPU
		{6CD9F8D8-4EC0-4036-BEB4-286F832B94E8}.Debug|Any CPU.Build.0 = Debug|Any CPU
		{6CD9F8D8-4EC0-4036-BEB4-286F832B94E8}.Debug|Any CPU.Deploy.0 = Debug|Any CPU
		{6CD9F8D8-4EC0-4036-BEB4-286F832B94E8}.Release|Any CPU.ActiveCfg = Release|Any CPU
		{6CD9F8D8-4EC0-4036-BEB4-286F832B94E8}.Release|Any CPU.Build.0 = Release|Any CPU
		{6CD9F8D8-4EC0-4036-BEB4-286F832B94E8}.Release|Any CPU.Deploy.0 = Release|Any CPU
	EndGlobalSection
	GlobalSection(SolutionProperties) = preSolution
		HideSolutionNode = FALSE
	EndGlobalSection
	GlobalSection(ExtensibilityGlobals) = postSolution
		SolutionGuid = {A54BD081-3AC3-4B5E-8C05-56A75543A272}
	EndGlobalSection
EndGlobal
